%{"comeonin": {:hex, :comeonin, "1.6.0", "65d3217bf171feb2600ac639089d1316c5438407a30dfbe9f465d75500db2171", [:make, :mix], [{:comeonin_i18n, "~> 0.1", [hex: :comeonin_i18n, repo: "hexpm", optional: true]}], "hexpm", "40dd0da2c33696d19515888fd86b9ffdcad92d49e9a6b3b13df98e824897a1b1"},
  "connection": {:hex, :connection, "1.0.4", "a1cae72211f0eef17705aaededacac3eb30e6625b04a6117c1b2db6ace7d5976", [:mix], [], "hexpm", "4a0850c9be22a43af9920a71ab17c051f5f7d45c209e40269a1938832510e4d9"},
  "cowboy": {:hex, :cowboy, "1.1.2", "61ac29ea970389a88eca5a65601460162d370a70018afe6f949a29dca91f3bb0", [:rebar3], [{:cowlib, "~> 1.0.2", [hex: :cowlib, repo: "hexpm", optional: false]}, {:ranch, "~> 1.3.2", [hex: :ranch, repo: "hexpm", optional: false]}], "hexpm", "f4763bbe08233eceed6f24bc4fcc8d71c17cfeafa6439157c57349aa1bb4f17c"},
  "cowlib": {:hex, :cowlib, "1.0.2", "9d769a1d062c9c3ac753096f868ca121e2730b9a377de23dec0f7e08b1df84ee", [:make], [], "hexpm", "db622da03aa039e6366ab953e31186cc8190d32905e33788a1acb22744e6abd2"},
  "decimal": {:hex, :decimal, "1.9.0", "83e8daf59631d632b171faabafb4a9f4242c514b0a06ba3df493951c08f64d07", [:mix], [], "hexpm", "b1f2343568eed6928f3e751cf2dffde95bfaa19dd95d09e8a9ea92ccfd6f7d85"},
  "ecto": {:hex, :ecto, "1.1.2", "b18fc577b21dd11b8bcaef6ff06c16793583cd309d359eb22465c180e69bd5ba", [:mix], [{:decimal, "~> 1.0", [hex: :decimal, repo: "hexpm", optional: false]}, {:mariaex, "~> 0.5.0", [hex: :mariaex, repo: "hexpm", optional: true]}, {:poison, "~> 1.0", [hex: :poison, repo: "hexpm", optional: true]}, {:poolboy, "~> 1.4", [hex: :poolboy, repo: "hexpm", optional: false]}, {:postgrex, "~> 0.10.0", [hex: :postgrex, repo: "hexpm", optional: true]}, {:sbroker, "~> 0.7", [hex: :sbroker, repo: "hexpm", optional: true]}], "hexpm", "a55b1761ab4f66900ab9ae4e094ac4252124302a4f9fc4532c73bdecd52cb7ed"},
  "fs": {:hex, :fs, "0.9.2", "ed17036c26c3f70ac49781ed9220a50c36775c6ca2cf8182d123b6566e49ec59", [:rebar], [], "hexpm", "9a00246e8af58cdf465ae7c48fd6fd7ba2e43300413dfcc25447ecd3bf76f0c1"},
  "phoenix": {:hex, :phoenix, "1.1.7", "08d534d8b8e720e83f54fa4c028d5f3fbf01ebc83835efc8ad611e1782040155", [:mix], [{:cowboy, "~> 1.0", [hex: :cowboy, repo: "hexpm", optional: true]}, {:plug, "~> 1.0", [hex: :plug, repo: "hexpm", optional: false]}, {:poison, "~> 1.5 or ~> 2.0", [hex: :poison, repo: "hexpm", optional: false]}], "hexpm", "920fac4d52f2efd9f656e9ae41d831ca2c144f8ea1eae81eed4f276b54df2931"},
  "phoenix_ecto": {:hex, :phoenix_ecto, "2.0.3", "237fdaeeb0d6b5a2970a57e413f6f88e563e6539303d1da1852c4e4dfae6d294", [:mix], [{:ecto, "~> 1.1.2", [hex: :ecto, repo: "hexpm", optional: false]}, {:phoenix_html, "~> 2.2.0 or ~> 2.3.0 or ~> 2.4.0 or ~> 2.5.0 or ~> 2.6.0", [hex: :phoenix_html, repo: "hexpm", optional: true]}, {:poison, "~> 1.3 or ~> 2.0", [hex: :poison, repo: "hexpm", optional: true]}], "hexpm", "5537a420d580224254c599f6e52d2e550ae87ca6db53f4c090cd48dd5abeef6b"},
  "phoenix_html": {:hex, :phoenix_html, "2.6.2", "944a5e581b0d899e4f4c838a69503ebd05300fe35ba228a74439e6253e10e0c0", [:mix], [{:plug, "~> 1.0", [hex: :plug, repo: "hexpm", optional: false]}], "hexpm", "697b31db7f85c648e7d554805d684272145835709a2dfa87e3a10a5fafd3322c"},
  "phoenix_live_reload": {:hex, :phoenix_live_reload, "1.0.8", "4333f9c74190f485a74866beff2f9304f069d53f047f5fbb0fb8d1ee4c495f73", [:mix], [{:fs, "~> 0.9.1", [hex: :fs, repo: "hexpm", optional: false]}, {:phoenix, "~> 1.0 or ~> 1.2-rc", [hex: :phoenix, repo: "hexpm", optional: false]}], "hexpm", "af4d9faeb655ef933cf66fd4d83f8bb0146ab0da30c81cfbdc2152825970fa76"},
  "plug": {:hex, :plug, "1.1.8", "db8b6dea79d4521d1100ffba8c1ce444de6a1270c73287ec94c8dac243e4038f", [:mix], [{:cowboy, "~> 1.0", [hex: :cowboy, repo: "hexpm", optional: true]}], "hexpm", "2d08f66e08feaf4f577af13fce7e69ed5781f136b3f4c04631c2d8802c4aaa84"},
  "poison": {:hex, :poison, "1.5.2", "560bdfb7449e3ddd23a096929fb9fc2122f709bcc758b2d5d5a5c7d0ea848910", [:mix], [], "hexpm", "4afc59dcadf71be7edc8b934b39f554ec7b31e2b1b1a4767383a663f86958ce3"},
  "poolboy": {:hex, :poolboy, "1.5.2", "392b007a1693a64540cead79830443abf5762f5d30cf50bc95cb2c1aaafa006b", [:rebar3], [], "hexpm", "dad79704ce5440f3d5a3681c8590b9dc25d1a561e8f5a9c995281012860901e3"},
  "postgrex": {:hex, :postgrex, "0.10.0", "98cf581bbb921d696db261d1a9e1740252714dbea1f9224d3291d58f2d88ea82", [:mix], [{:connection, "~> 1.0", [hex: :connection, repo: "hexpm", optional: false]}, {:decimal, "~> 1.0", [hex: :decimal, repo: "hexpm", optional: false]}], "hexpm", "d9664ff2b3c27a67c61b23907270b5d8fa047adc4cb1b29a765e602633d3e857"},
  "ranch": {:hex, :ranch, "1.3.2", "e4965a144dc9fbe70e5c077c65e73c57165416a901bd02ea899cfd95aa890986", [:rebar3], [], "hexpm", "6e56493a862433fccc3aca3025c946d6720d8eedf6e3e6fb911952a7071c357f"}}
